
Microsoft Visual Studio Solution File, Format Version 12.00
# Visual Studio 2013
VisualStudioVersion = 12.0.30723.0
MinimumVisualStudioVersion = 10.0.40219.1
Project("{FAE04EC0-301F-11D3-BF4B-00C04F79EFBC}") = "PrinterMonitoringApp", "PrinterMonitoringApp\PrinterMonitoringApp.csproj", "{FFFF6E10-DCC6-40D9-9C92-B9BCB6333C0C}"
EndProject
Project("{FAE04EC0-301F-11D3-BF4B-00C04F79EFBC}") = "PrinterMonitorLibrary", "PrinterMonitorLibrary\PrinterMonitorLibrary.csproj", "{BC32ABE1-7D23-479A-9DE4-28C940D688FD}"
EndProject
Global
	GlobalSection(SolutionConfigurationPlatforms) = preSolution
		Debug|Any CPU = Debug|Any CPU
		Release|Any CPU = Release|Any CPU
	EndGlobalSection
	GlobalSection(ProjectConfigurationPlatforms) = postSolution
		{FFFF6E10-DCC6-40D9-9C92-B9BCB6333C0C}.Debug|Any CPU.ActiveCfg = Debug|Any CPU
		{FFFF6E10-DCC6-40D9-9C92-B9BCB6333C0C}.Debug|Any CPU.Build.0 = Debug|Any CPU
		{FFFF6E10-DCC6-40D9-9C92-B9BCB6333C0C}.Release|Any CPU.ActiveCfg = Release|Any CPU
		{FFFF6E10-DCC6-40D9-9C92-B9BCB6333C0C}.Release|Any CPU.Build.0 = Release|Any CPU
		{BC32ABE1-7D23-479A-9DE4-28C940D688FD}.Debug|Any CPU.ActiveCfg = Debug|Any CPU
		{BC32ABE1-7D23-479A-9DE4-28C940D688FD}.Debug|Any CPU.Build.0 = Debug|Any CPU
		{BC32ABE1-7D23-479A-9DE4-28C940D688FD}.Release|Any CPU.ActiveCfg = Release|Any CPU
		{BC32ABE1-7D23-479A-9DE4-28C940D688FD}.Release|Any CPU.Build.0 = Release|Any CPU
	EndGlobalSection
	GlobalSection(SolutionProperties) = preSolution
		HideSolutionNode = FALSE
	EndGlobalSection
EndGlobal
